
Microsoft Visual Studio Solution File, Format Version 12.00
# Visual Studio 2012
Project("{FAE04EC0-301F-11D3-BF4B-00C04F79EFBC}") = "DemoWebsite", "DemoWebsite\DemoWebsite.csproj", "{C0957A90-8622-49AB-98D8-E8CD33DBECEC}"
EndProject
Project("{930C7802-8A8C-48F9-8165-68863BCCD9DD}") = "DemoWebsite.Setup", "DemoWebsite.Setup\DemoWebsite.Setup.wixproj", "{282E0672-E609-4751-85E9-E12CBE654B2A}"
EndProject
Global
	GlobalSection(SolutionConfigurationPlatforms) = preSolution
		Debug|Any CPU = Debug|Any CPU
		Debug|Mixed Platforms = Debug|Mixed Platforms
		Debug|x86 = Debug|x86
		Release|Any CPU = Release|Any CPU
		Release|Mixed Platforms = Release|Mixed Platforms
		Release|x86 = Release|x86
	EndGlobalSection
	GlobalSection(ProjectConfigurationPlatforms) = postSolution
		{C0957A90-8622-49AB-98D8-E8CD33DBECEC}.Debug|Any CPU.ActiveCfg = Debug|Any CPU
		{C0957A90-8622-49AB-98D8-E8CD33DBECEC}.Debug|Any CPU.Build.0 = Debug|Any CPU
		{C0957A90-8622-49AB-98D8-E8CD33DBECEC}.Debug|Mixed Platforms.ActiveCfg = Debug|Any CPU
		{C0957A90-8622-49AB-98D8-E8CD33DBECEC}.Debug|Mixed Platforms.Build.0 = Debug|Any CPU
		{C0957A90-8622-49AB-98D8-E8CD33DBECEC}.Debug|x86.ActiveCfg = Debug|Any CPU
		{C0957A90-8622-49AB-98D8-E8CD33DBECEC}.Release|Any CPU.ActiveCfg = Release|Any CPU
		{C0957A90-8622-49AB-98D8-E8CD33DBECEC}.Release|Any CPU.Build.0 = Release|Any CPU
		{C0957A90-8622-49AB-98D8-E8CD33DBECEC}.Release|Mixed Platforms.ActiveCfg = Release|Any CPU
		{C0957A90-8622-49AB-98D8-E8CD33DBECEC}.Release|Mixed Platforms.Build.0 = Release|Any CPU
		{C0957A90-8622-49AB-98D8-E8CD33DBECEC}.Release|x86.ActiveCfg = Release|Any CPU
		{282E0672-E609-4751-85E9-E12CBE654B2A}.Debug|Any CPU.ActiveCfg = Debug|x86
		{282E0672-E609-4751-85E9-E12CBE654B2A}.Debug|Mixed Platforms.ActiveCfg = Debug|x86
		{282E0672-E609-4751-85E9-E12CBE654B2A}.Debug|Mixed Platforms.Build.0 = Debug|x86
		{282E0672-E609-4751-85E9-E12CBE654B2A}.Debug|x86.ActiveCfg = Debug|x86
		{282E0672-E609-4751-85E9-E12CBE654B2A}.Debug|x86.Build.0 = Debug|x86
		{282E0672-E609-4751-85E9-E12CBE654B2A}.Release|Any CPU.ActiveCfg = Release|x86
		{282E0672-E609-4751-85E9-E12CBE654B2A}.Release|Mixed Platforms.ActiveCfg = Release|x86
		{282E0672-E609-4751-85E9-E12CBE654B2A}.Release|x86.ActiveCfg = Release|x86
		{282E0672-E609-4751-85E9-E12CBE654B2A}.Release|x86.Build.0 = Release|x86
	EndGlobalSection
	GlobalSection(SolutionProperties) = preSolution
		HideSolutionNode = FALSE
	EndGlobalSection
EndGlobal
